
Microsoft Visual Studio Solution File, Format Version 12.00
# Visual Studio Version 16
VisualStudioVersion = 16.0.29411.108
MinimumVisualStudioVersion = 10.0.40219.1
Project("{FAE04EC0-301F-11D3-BF4B-00C04F79EFBC}") = "Dictionary", "Dictionary\Dictionary.csproj", "{ED43C8D9-3C43-4703-B901-D2884A63B9DD}"
EndProject
Global
	GlobalSection(SolutionConfigurationPlatforms) = preSolution
		Debug|Any CPU = Debug|Any CPU
		Release|Any CPU = Release|Any CPU
	EndGlobalSection
	GlobalSection(ProjectConfigurationPlatforms) = postSolution
		{ED43C8D9-3C43-4703-B901-D2884A63B9DD}.Debug|Any CPU.ActiveCfg = Debug|Any CPU
		{ED43C8D9-3C43-4703-B901-D2884A63B9DD}.Debug|Any CPU.Build.0 = Debug|Any CPU
		{ED43C8D9-3C43-4703-B901-D2884A63B9DD}.Release|Any CPU.ActiveCfg = Release|Any CPU
		{ED43C8D9-3C43-4703-B901-D2884A63B9DD}.Release|Any CPU.Build.0 = Release|Any CPU
	EndGlobalSection
	GlobalSection(SolutionProperties) = preSolution
		HideSolutionNode = FALSE
	EndGlobalSection
	GlobalSection(ExtensibilityGlobals) = postSolution
		SolutionGuid = {540F7443-D421-4B65-BE06-E692AC5A140E}
	EndGlobalSection
EndGlobal
